
Microsoft Visual Studio Solution File, Format Version 12.00
# Visual Studio 15
VisualStudioVersion = 15.0.26730.16
MinimumVisualStudioVersion = 10.0.40219.1
Project("{888888A0-9F3D-457C-B088-3A5042F75D52}") = "video_facedetect", "video_facedetect\video_facedetect.pyproj", "{C8553A63-6D9C-4506-BFD5-E259D0B8F53F}"
EndProject
Project("{888888A0-9F3D-457C-B088-3A5042F75D52}") = "deeplearning_opencvdnn", "deeplearning_opencvdnn\deeplearning_opencvdnn.pyproj", "{CAEDAF0D-38F5-4408-9E33-5F9084797F8E}"
EndProject
Project("{888888A0-9F3D-457C-B088-3A5042F75D52}") = "dnn_objectdetect", "dnn_objectdetect\dnn_objectdetect.pyproj", "{444DE1A4-B35C-4FF6-BE49-EF281FF78489}"
EndProject
Global
	GlobalSection(SolutionConfigurationPlatforms) = preSolution
		Debug|Any CPU = Debug|Any CPU
		Release|Any CPU = Release|Any CPU
	EndGlobalSection
	GlobalSection(ProjectConfigurationPlatforms) = postSolution
		{C8553A63-6D9C-4506-BFD5-E259D0B8F53F}.Debug|Any CPU.ActiveCfg = Debug|Any CPU
		{C8553A63-6D9C-4506-BFD5-E259D0B8F53F}.Release|Any CPU.ActiveCfg = Release|Any CPU
		{CAEDAF0D-38F5-4408-9E33-5F9084797F8E}.Debug|Any CPU.ActiveCfg = Debug|Any CPU
		{CAEDAF0D-38F5-4408-9E33-5F9084797F8E}.Release|Any CPU.ActiveCfg = Release|Any CPU
		{444DE1A4-B35C-4FF6-BE49-EF281FF78489}.Debug|Any CPU.ActiveCfg = Debug|Any CPU
		{444DE1A4-B35C-4FF6-BE49-EF281FF78489}.Release|Any CPU.ActiveCfg = Release|Any CPU
	EndGlobalSection
	GlobalSection(SolutionProperties) = preSolution
		HideSolutionNode = FALSE
	EndGlobalSection
	GlobalSection(ExtensibilityGlobals) = postSolution
		SolutionGuid = {9F5F4D22-FB08-473B-9D77-39A8CE75846E}
	EndGlobalSection
EndGlobal
